
Microsoft Visual Studio Solution File, Format Version 12.00
# Visual Studio Version 16
VisualStudioVersion = 16.0.29519.181
MinimumVisualStudioVersion = 10.0.40219.1
Project("{FAE04EC0-301F-11D3-BF4B-00C04F79EFBC}") = "OverloadsExample", "OverloadsExample\OverloadsExample.csproj", "{EA8707ED-618E-4DB2-9597-08801C363C58}"
EndProject
Global
	GlobalSection(SolutionConfigurationPlatforms) = preSolution
		Debug|Any CPU = Debug|Any CPU
		Release|Any CPU = Release|Any CPU
	EndGlobalSection
	GlobalSection(ProjectConfigurationPlatforms) = postSolution
		{EA8707ED-618E-4DB2-9597-08801C363C58}.Debug|Any CPU.ActiveCfg = Debug|Any CPU
		{EA8707ED-618E-4DB2-9597-08801C363C58}.Debug|Any CPU.Build.0 = Debug|Any CPU
		{EA8707ED-618E-4DB2-9597-08801C363C58}.Release|Any CPU.ActiveCfg = Release|Any CPU
		{EA8707ED-618E-4DB2-9597-08801C363C58}.Release|Any CPU.Build.0 = Release|Any CPU
	EndGlobalSection
	GlobalSection(SolutionProperties) = preSolution
		HideSolutionNode = FALSE
	EndGlobalSection
	GlobalSection(ExtensibilityGlobals) = postSolution
		SolutionGuid = {74D0A9B3-1A6D-480C-8F59-B12CA58AC85B}
	EndGlobalSection
EndGlobal
