
Microsoft Visual Studio Solution File, Format Version 12.00
# Visual Studio Version 16
VisualStudioVersion = 16.0.29102.190
MinimumVisualStudioVersion = 10.0.40219.1
Project("{FAE04EC0-301F-11D3-BF4B-00C04F79EFBC}") = "PraseodymiumDemo", "PraseodymiumDemo\PraseodymiumDemo.csproj", "{AACB06B2-0979-4E82-AE62-75FABA0DD2F7}"
EndProject
Global
	GlobalSection(SolutionConfigurationPlatforms) = preSolution
		Debug|Any CPU = Debug|Any CPU
		Release|Any CPU = Release|Any CPU
	EndGlobalSection
	GlobalSection(ProjectConfigurationPlatforms) = postSolution
		{AACB06B2-0979-4E82-AE62-75FABA0DD2F7}.Debug|Any CPU.ActiveCfg = Debug|Any CPU
		{AACB06B2-0979-4E82-AE62-75FABA0DD2F7}.Debug|Any CPU.Build.0 = Debug|Any CPU
		{AACB06B2-0979-4E82-AE62-75FABA0DD2F7}.Release|Any CPU.ActiveCfg = Release|Any CPU
		{AACB06B2-0979-4E82-AE62-75FABA0DD2F7}.Release|Any CPU.Build.0 = Release|Any CPU
	EndGlobalSection
	GlobalSection(SolutionProperties) = preSolution
		HideSolutionNode = FALSE
	EndGlobalSection
	GlobalSection(ExtensibilityGlobals) = postSolution
		SolutionGuid = {7BD4D5EA-4541-4E40-B3CF-EB02C92149A9}
	EndGlobalSection
EndGlobal
